// !$*UTF8*$!
{
	archiveVersion = 1;
	classes = {
	};
	objectVersion = 55;
	objects = {

/* Begin PBXBuildFile section */
		161BEB7F27BDC338003DB062 /* Test_Swift_DeepLinkApp.swift in Sources */ = {isa = PBXBuildFile; fileRef = 161BEB7E27BDC338003DB062 /* Test_Swift_DeepLinkApp.swift */; };
		161BEB8127BDC338003DB062 /* ContentView.swift in Sources */ = {isa = PBXBuildFile; fileRef = 161BEB8027BDC338003DB062 /* ContentView.swift */; };
		161BEB8327BDC33A003DB062 /* Assets.xcassets in Resources */ = {isa = PBXBuildFile; fileRef = 161BEB8227BDC33A003DB062 /* Assets.xcassets */; };
		161BEB8627BDC33A003DB062 /* Preview Assets.xcassets in Resources */ = {isa = PBXBuildFile; fileRef = 161BEB8527BDC33A003DB062 /* Preview Assets.xcassets */; };
		161BEB8D27BDC3B3003DB062 /* NotificationModel.swift in Sources */ = {isa = PBXBuildFile; fileRef = 161BEB8C27BDC3B2003DB062 /* NotificationModel.swift */; };
		161BEB8F27BDC3EE003DB062 /* VegetableView.swift in Sources */ = {isa = PBXBuildFile; fileRef = 161BEB8E27BDC3EE003DB062 /* VegetableView.swift */; };
		161BEB9127BDC403003DB062 /* FruitsView.swift in Sources */ = {isa = PBXBuildFile; fileRef = 161BEB9027BDC403003DB062 /* FruitsView.swift */; };
/* End PBXBuildFile section */

/* Begin PBXFileReference section */
		161BEB7B27BDC338003DB062 /* Test-Swift-DeepLink.app */ = {isa = PBXFileReference; explicitFileType = wrapper.application; includeInIndex = 0; path = "Test-Swift-DeepLink.app"; sourceTree = BUILT_PRODUCTS_DIR; };
		161BEB7E27BDC338003DB062 /* Test_Swift_DeepLinkApp.swift */ = {isa = PBXFileReference; lastKnownFileType = sourcecode.swift; path = Test_Swift_DeepLinkApp.swift; sourceTree = "<group>"; };
		161BEB8027BDC338003DB062 /* ContentView.swift */ = {isa = PBXFileReference; lastKnownFileType = sourcecode.swift; path = ContentView.swift; sourceTree = "<group>"; };
		161BEB8227BDC33A003DB062 /* Assets.xcassets */ = {isa = PBXFileReference; lastKnownFileType = folder.assetcatalog; path = Assets.xcassets; sourceTree = "<group>"; };
		161BEB8527BDC33A003DB062 /* Preview Assets.xcassets */ = {isa = PBXFileReference; lastKnownFileType = folder.assetcatalog; path = "Preview Assets.xcassets"; sourceTree = "<group>"; };
		161BEB8C27BDC3B2003DB062 /* NotificationModel.swift */ = {isa = PBXFileReference; lastKnownFileType = sourcecode.swift; path = NotificationModel.swift; sourceTree = "<group>"; };
		161BEB8E27BDC3EE003DB062 /* VegetableView.swift */ = {isa = PBXFileReference; lastKnownFileType = sourcecode.swift; path = VegetableView.swift; sourceTree = "<group>"; };
		161BEB9027BDC403003DB062 /* FruitsView.swift */ = {isa = PBXFileReference; lastKnownFileType = sourcecode.swift; path = FruitsView.swift; sourceTree = "<group>"; };
		161BEB9227BDC458003DB062 /* Test-Swift-DeepLink-Info.plist */ = {isa = PBXFileReference; lastKnownFileType = text.plist; path = "Test-Swift-DeepLink-Info.plist"; sourceTree = SOURCE_ROOT; };
/* End PBXFileReference section */

/* Begin PBXFrameworksBuildPhase section */
		161BEB7827BDC338003DB062 /* Frameworks */ = {
			isa = PBXFrameworksBuildPhase;
			buildActionMask = 2147483647;
			files = (
			);
			runOnlyForDeploymentPostprocessing = 0;
		};
/* End PBXFrameworksBuildPhase section */

/* Begin PBXGroup section */
		161BEB7227BDC338003DB062 = {
			isa = PBXGroup;
			children = (
				161BEB7D27BDC338003DB062 /* Test-Swift-DeepLink */,
				161BEB7C27BDC338003DB062 /* Products */,
			);
			sourceTree = "<group>";
		};
		161BEB7C27BDC338003DB062 /* Products */ = {
			isa = PBXGroup;
			children = (
				161BEB7B27BDC338003DB062 /* Test-Swift-DeepLink.app */,
			);
			name = Products;
			sourceTree = "<group>";
		};
		161BEB7D27BDC338003DB062 /* Test-Swift-DeepLink */ = {
			isa = PBXGroup;
			children = (
				161BEB9227BDC458003DB062 /* Test-Swift-DeepLink-Info.plist */,
				161BEB8E27BDC3EE003DB062 /* VegetableView.swift */,
				161BEB9027BDC403003DB062 /* FruitsView.swift */,
				161BEB8C27BDC3B2003DB062 /* NotificationModel.swift */,
				161BEB8027BDC338003DB062 /* ContentView.swift */,
				161BEB7E27BDC338003DB062 /* Test_Swift_DeepLinkApp.swift */,
				161BEB8227BDC33A003DB062 /* Assets.xcassets */,
				161BEB8427BDC33A003DB062 /* Preview Content */,
			);
			path = "Test-Swift-DeepLink";
			sourceTree = "<group>";
		};
		161BEB8427BDC33A003DB062 /* Preview Content */ = {
			isa = PBXGroup;
			children = (
				161BEB8527BDC33A003DB062 /* Preview Assets.xcassets */,
			);
			path = "Preview Content";
			sourceTree = "<group>";
		};
/* End PBXGroup section */

/* Begin PBXNativeTarget section */
		161BEB7A27BDC338003DB062 /* Test-Swift-DeepLink */ = {
			isa = PBXNativeTarget;
			buildConfigurationList = 161BEB8927BDC33A003DB062 /* Build configuration list for PBXNativeTarget "Test-Swift-DeepLink" */;
			buildPhases = (
				161BEB7727BDC338003DB062 /* Sources */,
				161BEB7827BDC338003DB062 /* Frameworks */,
				161BEB7927BDC338003DB062 /* Resources */,
			);
			buildRules = (
			);
			dependencies = (
			);
			name = "Test-Swift-DeepLink";
			productName = "Test-Swift-DeepLink";
			productReference = 161BEB7B27BDC338003DB062 /* Test-Swift-DeepLink.app */;
			productType = "com.apple.product-type.application";
		};
/* End PBXNativeTarget section */

/* Begin PBXProject section */
		161BEB7327BDC338003DB062 /* Project object */ = {
			isa = PBXProject;
			attributes = {
				BuildIndependentTargetsInParallel = 1;
				LastSwiftUpdateCheck = 1300;
				LastUpgradeCheck = 1300;
				TargetAttributes = {
					161BEB7A27BDC338003DB062 = {
						CreatedOnToolsVersion = 13.0;
					};
				};
			};
			buildConfigurationList = 161BEB7627BDC338003DB062 /* Build configuration list for PBXProject "Test-Swift-DeepLink" */;
			compatibilityVersion = "Xcode 13.0";
			developmentRegion = en;
			hasScannedForEncodings = 0;
			knownRegions = (
				en,
				Base,
			);
			mainGroup = 161BEB7227BDC338003DB062;
			productRefGroup = 161BEB7C27BDC338003DB062 /* Products */;
			projectDirPath = "";
			projectRoot = "";
			targets = (
				161BEB7A27BDC338003DB062 /* Test-Swift-DeepLink */,
			);
		};
/* End PBXProject section */

/* Begin PBXResourcesBuildPhase section */
		161BEB7927BDC338003DB062 /* Resources */ = {
			isa = PBXResourcesBuildPhase;
			buildActionMask = 2147483647;
			files = (
				161BEB8627BDC33A003DB062 /* Preview Assets.xcassets in Resources */,
				161BEB8327BDC33A003DB062 /* Assets.xcassets in Resources */,
			);
			runOnlyForDeploymentPostprocessing = 0;
		};
/* End PBXResourcesBuildPhase section */

/* Begin PBXSourcesBuildPhase section */
		161BEB7727BDC338003DB062 /* Sources */ = {
			isa = PBXSourcesBuildPhase;
			buildActionMask = 2147483647;
			files = (
				161BEB9127BDC403003DB062 /* FruitsView.swift in Sources */,
				161BEB8F27BDC3EE003DB062 /* VegetableView.swift in Sources */,
				161BEB8D27BDC3B3003DB062 /* NotificationModel.swift in Sources */,
				161BEB8127BDC338003DB062 /* ContentView.swift in Sources */,
				161BEB7F27BDC338003DB062 /* Test_Swift_DeepLinkApp.swift in Sources */,
			);
			runOnlyForDeploymentPostprocessing = 0;
		};
/* End PBXSourcesBuildPhase section */

/* Begin XCBuildConfiguration section */
		161BEB8727BDC33A003DB062 /* Debug */ = {
			isa = XCBuildConfiguration;
			buildSettings = {
				ALWAYS_SEARCH_USER_PATHS = NO;
				CLANG_ANALYZER_NONNULL = YES;
				CLANG_ANALYZER_NUMBER_OBJECT_CONVERSION = YES_AGGRESSIVE;
				CLANG_CXX_LANGUAGE_STANDARD = "gnu++17";
				CLANG_CXX_LIBRARY = "libc++";
				CLANG_ENABLE_MODULES = YES;
				CLANG_ENABLE_OBJC_ARC = YES;
				CLANG_ENABLE_OBJC_WEAK = YES;
				CLANG_WARN_BLOCK_CAPTURE_AUTORELEASING = YES;
				CLANG_WARN_BOOL_CONVERSION = YES;
				CLANG_WARN_COMMA = YES;
				CLANG_WARN_CONSTANT_CONVERSION = YES;
				CLANG_WARN_DEPRECATED_OBJC_IMPLEMENTATIONS = YES;
				CLANG_WARN_DIRECT_OBJC_ISA_USAGE = YES_ERROR;
				CLANG_WARN_DOCUMENTATION_COMMENTS = YES;
				CLANG_WARN_EMPTY_BODY = YES;
				CLANG_WARN_ENUM_CONVERSION = YES;
				CLANG_WARN_INFINITE_RECURSION = YES;
				CLANG_WARN_INT_CONVERSION = YES;
				CLANG_WARN_NON_LITERAL_NULL_CONVERSION = YES;
				CLANG_WARN_OBJC_IMPLICIT_RETAIN_SELF = YES;
				CLANG_WARN_OBJC_LITERAL_CONVERSION = YES;
				CLANG_WARN_OBJC_ROOT_CLASS = YES_ERROR;
				CLANG_WARN_QUOTED_INCLUDE_IN_FRAMEWORK_HEADER = YES;
				CLANG_WARN_RANGE_LOOP_ANALYSIS = YES;
				CLANG_WARN_STRICT_PROTOTYPES = YES;
				CLANG_WARN_SUSPICIOUS_MOVE = YES;
				CLANG_WARN_UNGUARDED_AVAILABILITY = YES_AGGRESSIVE;
				CLANG_WARN_UNREACHABLE_CODE = YES;
				CLANG_WARN__DUPLICATE_METHOD_MATCH = YES;
				COPY_PHASE_STRIP = NO;
				DEBUG_INFORMATION_FORMAT = dwarf;
				ENABLE_STRICT_OBJC_MSGSEND = YES;
				ENABLE_TESTABILITY = YES;
				GCC_C_LANGUAGE_STANDARD = gnu11;
				GCC_DYNAMIC_NO_PIC = NO;
				GCC_NO_COMMON_BLOCKS = YES;
				GCC_OPTIMIZATION_LEVEL = 0;
				GCC_PREPROCESSOR_DEFINITIONS = (
					"DEBUG=1",
					"$(inherited)",
				);
				GCC_WARN_64_TO_32_BIT_CONVERSION = YES;
				GCC_WARN_ABOUT_RETURN_TYPE = YES_ERROR;
				GCC_WARN_UNDECLARED_SELECTOR = YES;
				GCC_WARN_UNINITIALIZED_AUTOS = YES_AGGRESSIVE;
				GCC_WARN_UNUSED_FUNCTION = YES;
				GCC_WARN_UNUSED_VARIABLE = YES;
				IPHONEOS_DEPLOYMENT_TARGET = 15.0;
				MTL_ENABLE_DEBUG_INFO = INCLUDE_SOURCE;
				MTL_FAST_MATH = YES;
				ONLY_ACTIVE_ARCH = YES;
				SDKROOT = iphoneos;
				SWIFT_ACTIVE_COMPILATION_CONDITIONS = DEBUG;
				SWIFT_OPTIMIZATION_LEVEL = "-Onone";
			};
			name = Debug;
		};
		161BEB8827BDC33A003DB062 /* Release */ = {
			isa = XCBuildConfiguration;
			buildSettings = {
				ALWAYS_SEARCH_USER_PATHS = NO;
				CLANG_ANALYZER_NONNULL = YES;
				CLANG_ANALYZER_NUMBER_OBJECT_CONVERSION = YES_AGGRESSIVE;
				CLANG_CXX_LANGUAGE_STANDARD = "gnu++17";
				CLANG_CXX_LIBRARY = "libc++";
				CLANG_ENABLE_MODULES = YES;
				CLANG_ENABLE_OBJC_ARC = YES;
				CLANG_ENABLE_OBJC_WEAK = YES;
				CLANG_WARN_BLOCK_CAPTURE_AUTORELEASING = YES;
				CLANG_WARN_BOOL_CONVERSION = YES;
				CLANG_WARN_COMMA = YES;
				CLANG_WARN_CONSTANT_CONVERSION = YES;
				CLANG_WARN_DEPRECATED_OBJC_IMPLEMENTATIONS = YES;
				CLANG_WARN_DIRECT_OBJC_ISA_USAGE = YES_ERROR;
				CLANG_WARN_DOCUMENTATION_COMMENTS = YES;
				CLANG_WARN_EMPTY_BODY = YES;
				CLANG_WARN_ENUM_CONVERSION = YES;
				CLANG_WARN_INFINITE_RECURSION = YES;
				CLANG_WARN_INT_CONVERSION = YES;
				CLANG_WARN_NON_LITERAL_NULL_CONVERSION = YES;
				CLANG_WARN_OBJC_IMPLICIT_RETAIN_SELF = YES;
				CLANG_WARN_OBJC_LITERAL_CONVERSION = YES;
				CLANG_WARN_OBJC_ROOT_CLASS = YES_ERROR;
				CLANG_WARN_QUOTED_INCLUDE_IN_FRAMEWORK_HEADER = YES;
				CLANG_WARN_RANGE_LOOP_ANALYSIS = YES;
				CLANG_WARN_STRICT_PROTOTYPES = YES;
				CLANG_WARN_SUSPICIOUS_MOVE = YES;
				CLANG_WARN_UNGUARDED_AVAILABILITY = YES_AGGRESSIVE;
				CLANG_WARN_UNREACHABLE_CODE = YES;
				CLANG_WARN__DUPLICATE_METHOD_MATCH = YES;
				COPY_PHASE_STRIP = NO;
				DEBUG_INFORMATION_FORMAT = "dwarf-with-dsym";
				ENABLE_NS_ASSERTIONS = NO;
				ENABLE_STRICT_OBJC_MSGSEND = YES;
				GCC_C_LANGUAGE_STANDARD = gnu11;
				GCC_NO_COMMON_BLOCKS = YES;
				GCC_WARN_64_TO_32_BIT_CONVERSION = YES;
				GCC_WARN_ABOUT_RETURN_TYPE = YES_ERROR;
				GCC_WARN_UNDECLARED_SELECTOR = YES;
				GCC_WARN_UNINITIALIZED_AUTOS = YES_AGGRESSIVE;
				GCC_WARN_UNUSED_FUNCTION = YES;
				GCC_WARN_UNUSED_VARIABLE = YES;
				IPHONEOS_DEPLOYMENT_TARGET = 15.0;
				MTL_ENABLE_DEBUG_INFO = NO;
				MTL_FAST_MATH = YES;
				SDKROOT = iphoneos;
				SWIFT_COMPILATION_MODE = wholemodule;
				SWIFT_OPTIMIZATION_LEVEL = "-O";
				VALIDATE_PRODUCT = YES;
			};
			name = Release;
		};
		161BEB8A27BDC33A003DB062 /* Debug */ = {
			isa = XCBuildConfiguration;
			buildSettings = {
				ASSETCATALOG_COMPILER_APPICON_NAME = AppIcon;
				ASSETCATALOG_COMPILER_GLOBAL_ACCENT_COLOR_NAME = AccentColor;
				CODE_SIGN_STYLE = Automatic;
				CURRENT_PROJECT_VERSION = 1;
				DEVELOPMENT_ASSET_PATHS = "\"Test-Swift-DeepLink/Preview Content\"";
				DEVELOPMENT_TEAM = 22PY27F33W;
				ENABLE_PREVIEWS = YES;
				GENERATE_INFOPLIST_FILE = YES;
				INFOPLIST_FILE = "Test-Swift-DeepLink-Info.plist";
				INFOPLIST_KEY_UIApplicationSceneManifest_Generation = YES;
				INFOPLIST_KEY_UIApplicationSupportsIndirectInputEvents = YES;
				INFOPLIST_KEY_UILaunchScreen_Generation = YES;
				INFOPLIST_KEY_UISupportedInterfaceOrientations_iPad = "UIInterfaceOrientationPortrait UIInterfaceOrientationPortraitUpsideDown UIInterfaceOrientationLandscapeLeft UIInterfaceOrientationLandscapeRight";
				INFOPLIST_KEY_UISupportedInterfaceOrientations_iPhone = "UIInterfaceOrientationPortrait UIInterfaceOrientationLandscapeLeft UIInterfaceOrientationLandscapeRight";
				IPHONEOS_DEPLOYMENT_TARGET = 14.0;
				LD_RUNPATH_SEARCH_PATHS = (
					"$(inherited)",
					"@executable_path/Frameworks",
				);
				MARKETING_VERSION = 1.0;
				PRODUCT_BUNDLE_IDENTIFIER = "hotari.Test-Swift-DeepLink";
				PRODUCT_NAME = "$(TARGET_NAME)";
				SWIFT_EMIT_LOC_STRINGS = YES;
				SWIFT_VERSION = 5.0;
				TARGETED_DEVICE_FAMILY = "1,2";
			};
			name = Debug;
		};
		161BEB8B27BDC33A003DB062 /* Release */ = {
			isa = XCBuildConfiguration;
			buildSettings = {
				ASSETCATALOG_COMPILER_APPICON_NAME = AppIcon;
				ASSETCATALOG_COMPILER_GLOBAL_ACCENT_COLOR_NAME = AccentColor;
				CODE_SIGN_STYLE = Automatic;
				CURRENT_PROJECT_VERSION = 1;
				DEVELOPMENT_ASSET_PATHS = "\"Test-Swift-DeepLink/Preview Content\"";
				DEVELOPMENT_TEAM = 22PY27F33W;
				ENABLE_PREVIEWS = YES;
				GENERATE_INFOPLIST_FILE = YES;
				INFOPLIST_FILE = "Test-Swift-DeepLink-Info.plist";
				INFOPLIST_KEY_UIApplicationSceneManifest_Generation = YES;
				INFOPLIST_KEY_UIApplicationSupportsIndirectInputEvents = YES;
				INFOPLIST_KEY_UILaunchScreen_Generation = YES;
				INFOPLIST_KEY_UISupportedInterfaceOrientations_iPad = "UIInterfaceOrientationPortrait UIInterfaceOrientationPortraitUpsideDown UIInterfaceOrientationLandscapeLeft UIInterfaceOrientationLandscapeRight";
				INFOPLIST_KEY_UISupportedInterfaceOrientations_iPhone = "UIInterfaceOrientationPortrait UIInterfaceOrientationLandscapeLeft UIInterfaceOrientationLandscapeRight";
				IPHONEOS_DEPLOYMENT_TARGET = 14.0;
				LD_RUNPATH_SEARCH_PATHS = (
					"$(inherited)",
					"@executable_path/Frameworks",
				);
				MARKETING_VERSION = 1.0;
				PRODUCT_BUNDLE_IDENTIFIER = "hotari.Test-Swift-DeepLink";
				PRODUCT_NAME = "$(TARGET_NAME)";
				SWIFT_EMIT_LOC_STRINGS = YES;
				SWIFT_VERSION = 5.0;
				TARGETED_DEVICE_FAMILY = "1,2";
			};
			name = Release;
		};
/* End XCBuildConfiguration section */

/* Begin XCConfigurationList section */
		161BEB7627BDC338003DB062 /* Build configuration list for PBXProject "Test-Swift-DeepLink" */ = {
			isa = XCConfigurationList;
			buildConfigurations = (
				161BEB8727BDC33A003DB062 /* Debug */,
				161BEB8827BDC33A003DB062 /* Release */,
			);
			defaultConfigurationIsVisible = 0;
			defaultConfigurationName = Release;
		};
		161BEB8927BDC33A003DB062 /* Build configuration list for PBXNativeTarget "Test-Swift-DeepLink" */ = {
			isa = XCConfigurationList;
			buildConfigurations = (
				161BEB8A27BDC33A003DB062 /* Debug */,
				161BEB8B27BDC33A003DB062 /* Release */,
			);
			defaultConfigurationIsVisible = 0;
			defaultConfigurationName = Release;
		};
/* End XCConfigurationList section */
	};
	rootObject = 161BEB7327BDC338003DB062 /* Project object */;
}
